# This file is autogenerated, do not edit; changes may be undone by the next 'dep ensure'.


[[projects]]
  branch = "master"
  name = "github.com/AlasdairF/BinSearch"
  packages = [".","Limit16","Limit24","Limit32","Limit40","Limit48","Limit56","Limit64","LimitVal16","LimitVal24","LimitVal32","LimitVal40","LimitVal48","LimitVal56","LimitVal64","LimitVal8"]
  revision = "96187ac05e89bdb5c48367d12472b370a575d0eb"

[[projects]]
  branch = "master"
  name = "github.com/AlasdairF/Conv"
  packages = ["."]
  revision = "b55e025a049e6ae1ca76be0fde855af441f89141"

[[projects]]
  branch = "master"
  name = "github.com/AlasdairF/Custom"
  packages = ["."]
  revision = "1889d7b07a22ffb7d32ea0dd070efe6c5121b0d5"

[[projects]]
  branch = "master"
  name = "github.com/AlasdairF/Sort"
  packages = ["IntInt","IntUint16","IntUint32","IntUint64","IntUint8"]
  revision = "ebdbd9946084bb4997c0deecd158fb5fd7cab8d5"

[[projects]]
  branch = "master"
  name = "github.com/AlasdairF/Titlecase"
  packages = ["."]
  revision = "b5f3674bcc2a10eaeb55a807f5a16a2a44979167"

[[projects]]
  branch = "master"
  name = "github.com/AlasdairF/snappy"
  packages = ["."]
  revision = "d1c9103b7e943501a7d4f21a89a5b532f31a018f"

[[projects]]
  name = "github.com/PuerkitoBio/purell"
  packages = ["."]
  revision = "0bcb03f4b4d0a9428594752bd2a3b9aa0a9d4bd4"
  version = "v1.1.0"

[[projects]]
  branch = "master"
  name = "github.com/PuerkitoBio/urlesc"
  packages = ["."]
  revision = "bbf7a2afc14f93e1e0a5c06df524fbd75e5031e5"

[[projects]]
  branch = "master"
  name = "github.com/bradfitz/gomemcache"
  packages = ["memcache"]
  revision = "1952afaa557dc08e8e0d89eafab110fb501c1a2b"

[[projects]]
  name = "github.com/caarlos0/env"
  packages = ["."]
  revision = "0cf029d5748c52beb2c9d20c81880cb4bdf8f788"
  version = "v3.0"

[[projects]]
  name = "github.com/disintegration/imaging"
  packages = ["."]
  revision = "a5858022df0e1734a59f973fffe3f87b51c087ed"
  version = "v1.2.1"

[[projects]]
  name = "github.com/garyburd/redigo"
  packages = ["internal","redis"]
  revision = "433969511232c397de61b1442f9fd49ec06ae9ba"
  version = "v1.1.0"

[[projects]]
  branch = "master"
  name = "github.com/gin-contrib/cache"
  packages = [".","persistence","utils"]
  revision = "bc56748ee71c18f6848a8e3b77f38e5fc911a71d"

[[projects]]
  name = "github.com/gin-contrib/cors"
  packages = ["."]
  revision = "cf4846e6a636a76237a28d9286f163c132e841bc"
  version = "v1.2"

[[projects]]
  branch = "master"
  name = "github.com/gin-contrib/gzip"
  packages = ["."]
  revision = "ff223ab9f8e3e69d4eb333c90966e057c5a97873"

[[projects]]
  branch = "master"
  name = "github.com/gin-contrib/sse"
  packages = ["."]
  revision = "22d885f9ecc78bf4ee5d72b937e4bbcdc58e8cae"

[[projects]]
  name = "github.com/gin-gonic/gin"
  packages = [".","binding","render"]
  revision = "d459835d2b077e44f7c9b453505ee29881d5d12d"
  version = "v1.2"

[[projects]]
  name = "github.com/go-ini/ini"
  packages = ["."]
  revision = "d3de07a94d22b4a0972deb4b96d790c2c0ce8333"
  version = "v1.28.0"

[[projects]]
  name = "github.com/go-pg/migrations"
  packages = ["."]
  revision = "327e262afb5c632d5aada01953c4307943cb2180"
  version = "v6.0.2"

[[projects]]
  name = "github.com/go-pg/pg"
  packages = [".","internal","internal/parser","internal/pool","orm","types"]
  revision = "d9bd76e1a25ed4fb9d2c8dafd8ecb1d928dbcdeb"
  version = "v6.4.14"

[[projects]]
  name = "github.com/gocraft/work"
  packages = ["."]
  revision = "67c8dc210ce647e8d8a4206c7f5856ea2390f290"
  version = "v0.5.0"

[[projects]]
  branch = "master"
  name = "github.com/golang/protobuf"
  packages = ["proto"]
  revision = "748d386b5c1ea99658fd69fe9f03991ce86a90c1"

[[projects]]
  branch = "master"
  name = "github.com/jinzhu/inflection"
  packages = ["."]
  revision = "1c35d901db3da928c72a72d8458480cc9ade058f"

[[projects]]
  name = "github.com/klauspost/compress"
  packages = ["flate","zlib"]
  revision = "6c8db69c4b49dd4df1fff66996cf556176d0b9bf"
  version = "v1.2.1"

[[projects]]
  name = "github.com/klauspost/cpuid"
  packages = ["."]
  revision = "ae7887de9fa5d2db4eaa8174a7eff2c1ac00f2da"
  version = "v1.1"

[[projects]]
  name = "github.com/mattn/go-isatty"
  packages = ["."]
  revision = "fc9e8d8ef48496124e79ae0df75490096eccf6fe"
  version = "v0.0.2"

[[projects]]
  branch = "master"
  name = "github.com/minio/go-homedir"
  packages = ["."]
  revision = "21304a94172ae3a09dee2cd86a12fb6f842138c7"

[[projects]]
  name = "github.com/minio/minio-go"
  packages = [".","pkg/credentials","pkg/encrypt","pkg/policy","pkg/s3signer","pkg/s3utils","pkg/set"]
  revision = "5ca66c9a35ba1cd674484be99dc97aa0973afe12"
  version = "v3.0.0"

[[projects]]
  branch = "master"
  name = "github.com/nbio/st"
  packages = ["."]
  revision = "e9e8d9816f3268def6dcbd2dea03301f40e9de94"

[[projects]]
  name = "github.com/pkg/errors"
  packages = ["."]
  revision = "645ef00459ed84a119197bfb8d8205042c6df63d"
  version = "v0.8.0"

[[projects]]
  branch = "master"
  name = "github.com/rainycape/unidecode"
  packages = ["."]
  revision = "cb7f23ec59bec0d61b19c56cd88cee3d0cc1870c"

[[projects]]
  name = "github.com/robfig/cron"
  packages = ["."]
  revision = "b024fc5ea0e34bc3f83d9941c8d60b0622bfaca4"
  version = "v1"

[[projects]]
  branch = "master"
  name = "github.com/robfig/go-cache"
  packages = ["."]
  revision = "9fc39e0dbf62c034ec4e45e6120fc69433a3ec51"

[[projects]]
  branch = "master"
  name = "github.com/sethgrid/pester"
  packages = ["."]
  revision = "99271bb5a99e5769f688c483eabb3c22d71ebf93"

[[projects]]
  branch = "master"
  name = "github.com/ugorji/go"
  packages = ["codec"]
  revision = "5efa3251c7f7d05e5d9704a69a984ec9f1386a40"

[[projects]]
  branch = "master"
  name = "golang.org/x/image"
  packages = ["bmp","tiff","tiff/lzw"]
  revision = "426cfd8eeb6e08ab1932954e09e3c2cb2bc6e36d"

[[projects]]
  branch = "master"
  name = "golang.org/x/net"
  packages = ["idna"]
  revision = "f5079bd7f6f74e23c4d65efa0f4ce14cbd6a3c0f"

[[projects]]
  branch = "master"
  name = "golang.org/x/sys"
  packages = ["unix"]
  revision = "d8f5ea21b9295e315e612b4bcf4bedea93454d4d"

[[projects]]
  branch = "master"
  name = "golang.org/x/text"
  packages = ["internal/gen","internal/triegen","internal/ucd","secure/bidirule","transform","unicode/bidi","unicode/cldr","unicode/norm","unicode/rangetable","width"]
  revision = "3bd178b88a8180be2df394a1fbb81313916f0e7b"

[[projects]]
  name = "gopkg.in/go-playground/validator.v8"
  packages = ["."]
  revision = "5f1438d3fca68893a817e4a66806cea46a9e4ebf"
  version = "v8.18.2"

[[projects]]
  name = "gopkg.in/h2non/gock.v1"
  packages = ["."]
  revision = "84d599244901620fb3eb96473eb9e50619f69b47"
  version = "v1.0.6"

[[projects]]
  branch = "v2"
  name = "gopkg.in/yaml.v2"
  packages = ["."]
  revision = "25c4ec802a7d637f88d584ab26798e94ad14c13b"

[solve-meta]
  analyzer-name = "dep"
  analyzer-version = 1
  inputs-digest = "1e81b9dfa2de3f5e66f43b44ad0154770a772aaba5818b9d2c90332ed5b50967"
  solver-name = "gps-cdcl"
  solver-version = 1
